// !$*UTF8*$!
{
	archiveVersion = 1;
	classes = {
	};
	objectVersion = 48;
	objects = {

/* Begin PBXBuildFile section */
		8494348C1FA13CE6009D1371 /* AppDelegate.swift in Sources */ = {isa = PBXBuildFile; fileRef = 8494348B1FA13CE6009D1371 /* AppDelegate.swift */; };
		8494348E1FA13CE6009D1371 /* ViewController.swift in Sources */ = {isa = PBXBuildFile; fileRef = 8494348D1FA13CE6009D1371 /* ViewController.swift */; };
		849434911FA13CE6009D1371 /* Main.storyboard in Resources */ = {isa = PBXBuildFile; fileRef = 8494348F1FA13CE6009D1371 /* Main.storyboard */; };
		849434931FA13CE6009D1371 /* Assets.xcassets in Resources */ = {isa = PBXBuildFile; fileRef = 849434921FA13CE6009D1371 /* Assets.xcassets */; };
		849434961FA13CE6009D1371 /* LaunchScreen.storyboard in Resources */ = {isa = PBXBuildFile; fileRef = 849434941FA13CE6009D1371 /* LaunchScreen.storyboard */; };
/* End PBXBuildFile section */

/* Begin PBXFileReference section */
		849434881FA13CE6009D1371 /* TapTheButtonsInIpad.app */ = {isa = PBXFileReference; explicitFileType = wrapper.application; includeInIndex = 0; path = TapTheButtonsInIpad.app; sourceTree = BUILT_PRODUCTS_DIR; };
		8494348B1FA13CE6009D1371 /* AppDelegate.swift */ = {isa = PBXFileReference; lastKnownFileType = sourcecode.swift; path = AppDelegate.swift; sourceTree = "<group>"; };
		8494348D1FA13CE6009D1371 /* ViewController.swift */ = {isa = PBXFileReference; lastKnownFileType = sourcecode.swift; path = ViewController.swift; sourceTree = "<group>"; };
		849434901FA13CE6009D1371 /* Base */ = {isa = PBXFileReference; lastKnownFileType = file.storyboard; name = Base; path = Base.lproj/Main.storyboard; sourceTree = "<group>"; };
		849434921FA13CE6009D1371 /* Assets.xcassets */ = {isa = PBXFileReference; lastKnownFileType = folder.assetcatalog; path = Assets.xcassets; sourceTree = "<group>"; };
		849434951FA13CE6009D1371 /* Base */ = {isa = PBXFileReference; lastKnownFileType = file.storyboard; name = Base; path = Base.lproj/LaunchScreen.storyboard; sourceTree = "<group>"; };
		849434971FA13CE6009D1371 /* Info.plist */ = {isa = PBXFileReference; lastKnownFileType = text.plist.xml; path = Info.plist; sourceTree = "<group>"; };
/* End PBXFileReference section */

/* Begin PBXFrameworksBuildPhase section */
		849434851FA13CE6009D1371 /* Frameworks */ = {
			isa = PBXFrameworksBuildPhase;
			buildActionMask = 2147483647;
			files = (
			);
			runOnlyForDeploymentPostprocessing = 0;
		};
/* End PBXFrameworksBuildPhase section */

/* Begin PBXGroup section */
		8494347F1FA13CE6009D1371 = {
			isa = PBXGroup;
			children = (
				8494348A1FA13CE6009D1371 /* TapTheButtonsInIpad */,
				849434891FA13CE6009D1371 /* Products */,
			);
			sourceTree = "<group>";
		};
		849434891FA13CE6009D1371 /* Products */ = {
			isa = PBXGroup;
			children = (
				849434881FA13CE6009D1371 /* TapTheButtonsInIpad.app */,
			);
			name = Products;
			sourceTree = "<group>";
		};
		8494348A1FA13CE6009D1371 /* TapTheButtonsInIpad */ = {
			isa = PBXGroup;
			children = (
				8494348B1FA13CE6009D1371 /* AppDelegate.swift */,
				8494348D1FA13CE6009D1371 /* ViewController.swift */,
				8494348F1FA13CE6009D1371 /* Main.storyboard */,
				849434921FA13CE6009D1371 /* Assets.xcassets */,
				849434941FA13CE6009D1371 /* LaunchScreen.storyboard */,
				849434971FA13CE6009D1371 /* Info.plist */,
			);
			path = TapTheButtonsInIpad;
			sourceTree = "<group>";
		};
/* End PBXGroup section */

/* Begin PBXNativeTarget section */
		849434871FA13CE6009D1371 /* TapTheButtonsInIpad */ = {
			isa = PBXNativeTarget;
			buildConfigurationList = 8494349A1FA13CE6009D1371 /* Build configuration list for PBXNativeTarget "TapTheButtonsInIpad" */;
			buildPhases = (
				849434841FA13CE6009D1371 /* Sources */,
				849434851FA13CE6009D1371 /* Frameworks */,
				849434861FA13CE6009D1371 /* Resources */,
			);
			buildRules = (
			);
			dependencies = (
			);
			name = TapTheButtonsInIpad;
			productName = TapTheButtonsInIpad;
			productReference = 849434881FA13CE6009D1371 /* TapTheButtonsInIpad.app */;
			productType = "com.apple.product-type.application";
		};
/* End PBXNativeTarget section */

/* Begin PBXProject section */
		849434801FA13CE6009D1371 /* Project object */ = {
			isa = PBXProject;
			attributes = {
				LastSwiftUpdateCheck = 0900;
				LastUpgradeCheck = 0900;
				ORGANIZATIONNAME = Admin;
				TargetAttributes = {
					849434871FA13CE6009D1371 = {
						CreatedOnToolsVersion = 9.0.1;
						ProvisioningStyle = Automatic;
					};
				};
			};
			buildConfigurationList = 849434831FA13CE6009D1371 /* Build configuration list for PBXProject "TapTheButtonsInIpad" */;
			compatibilityVersion = "Xcode 8.0";
			developmentRegion = en;
			hasScannedForEncodings = 0;
			knownRegions = (
				en,
				Base,
			);
			mainGroup = 8494347F1FA13CE6009D1371;
			productRefGroup = 849434891FA13CE6009D1371 /* Products */;
			projectDirPath = "";
			projectRoot = "";
			targets = (
				849434871FA13CE6009D1371 /* TapTheButtonsInIpad */,
			);
		};
/* End PBXProject section */

/* Begin PBXResourcesBuildPhase section */
		849434861FA13CE6009D1371 /* Resources */ = {
			isa = PBXResourcesBuildPhase;
			buildActionMask = 2147483647;
			files = (
				849434961FA13CE6009D1371 /* LaunchScreen.storyboard in Resources */,
				849434931FA13CE6009D1371 /* Assets.xcassets in Resources */,
				849434911FA13CE6009D1371 /* Main.storyboard in Resources */,
			);
			runOnlyForDeploymentPostprocessing = 0;
		};
/* End PBXResourcesBuildPhase section */

/* Begin PBXSourcesBuildPhase section */
		849434841FA13CE6009D1371 /* Sources */ = {
			isa = PBXSourcesBuildPhase;
			buildActionMask = 2147483647;
			files = (
				8494348E1FA13CE6009D1371 /* ViewController.swift in Sources */,
				8494348C1FA13CE6009D1371 /* AppDelegate.swift in Sources */,
			);
			runOnlyForDeploymentPostprocessing = 0;
		};
/* End PBXSourcesBuildPhase section */

/* Begin PBXVariantGroup section */
		8494348F1FA13CE6009D1371 /* Main.storyboard */ = {
			isa = PBXVariantGroup;
			children = (
				849434901FA13CE6009D1371 /* Base */,
			);
			name = Main.storyboard;
			sourceTree = "<group>";
		};
		849434941FA13CE6009D1371 /* LaunchScreen.storyboard */ = {
			isa = PBXVariantGroup;
			children = (
				849434951FA13CE6009D1371 /* Base */,
			);
			name = LaunchScreen.storyboard;
			sourceTree = "<group>";
		};
/* End PBXVariantGroup section */

/* Begin XCBuildConfiguration section */
		849434981FA13CE6009D1371 /* Debug */ = {
			isa = XCBuildConfiguration;
			buildSettings = {
				ALWAYS_SEARCH_USER_PATHS = NO;
				CLANG_ANALYZER_NONNULL = YES;
				CLANG_ANALYZER_NUMBER_OBJECT_CONVERSION = YES_AGGRESSIVE;
				CLANG_CXX_LANGUAGE_STANDARD = "gnu++14";
				CLANG_CXX_LIBRARY = "libc++";
				CLANG_ENABLE_MODULES = YES;
				CLANG_ENABLE_OBJC_ARC = YES;
				CLANG_WARN_BLOCK_CAPTURE_AUTORELEASING = YES;
				CLANG_WARN_BOOL_CONVERSION = YES;
				CLANG_WARN_COMMA = YES;
				CLANG_WARN_CONSTANT_CONVERSION = YES;
				CLANG_WARN_DIRECT_OBJC_ISA_USAGE = YES_ERROR;
				CLANG_WARN_DOCUMENTATION_COMMENTS = YES;
				CLANG_WARN_EMPTY_BODY = YES;
				CLANG_WARN_ENUM_CONVERSION = YES;
				CLANG_WARN_INFINITE_RECURSION = YES;
				CLANG_WARN_INT_CONVERSION = YES;
				CLANG_WARN_NON_LITERAL_NULL_CONVERSION = YES;
				CLANG_WARN_OBJC_LITERAL_CONVERSION = YES;
				CLANG_WARN_OBJC_ROOT_CLASS = YES_ERROR;
				CLANG_WARN_RANGE_LOOP_ANALYSIS = YES;
				CLANG_WARN_STRICT_PROTOTYPES = YES;
				CLANG_WARN_SUSPICIOUS_MOVE = YES;
				CLANG_WARN_UNGUARDED_AVAILABILITY = YES_AGGRESSIVE;
				CLANG_WARN_UNREACHABLE_CODE = YES;
				CLANG_WARN__DUPLICATE_METHOD_MATCH = YES;
				CODE_SIGN_IDENTITY = "iPhone Developer";
				COPY_PHASE_STRIP = NO;
				DEBUG_INFORMATION_FORMAT = dwarf;
				ENABLE_STRICT_OBJC_MSGSEND = YES;
				ENABLE_TESTABILITY = YES;
				GCC_C_LANGUAGE_STANDARD = gnu11;
				GCC_DYNAMIC_NO_PIC = NO;
				GCC_NO_COMMON_BLOCKS = YES;
				GCC_OPTIMIZATION_LEVEL = 0;
				GCC_PREPROCESSOR_DEFINITIONS = (
					"DEBUG=1",
					"$(inherited)",
				);
				GCC_WARN_64_TO_32_BIT_CONVERSION = YES;
				GCC_WARN_ABOUT_RETURN_TYPE = YES_ERROR;
				GCC_WARN_UNDECLARED_SELECTOR = YES;
				GCC_WARN_UNINITIALIZED_AUTOS = YES_AGGRESSIVE;
				GCC_WARN_UNUSED_FUNCTION = YES;
				GCC_WARN_UNUSED_VARIABLE = YES;
				IPHONEOS_DEPLOYMENT_TARGET = 11.0;
				MTL_ENABLE_DEBUG_INFO = YES;
				ONLY_ACTIVE_ARCH = YES;
				SDKROOT = iphoneos;
				SWIFT_ACTIVE_COMPILATION_CONDITIONS = DEBUG;
				SWIFT_OPTIMIZATION_LEVEL = "-Onone";
			};
			name = Debug;
		};
		849434991FA13CE6009D1371 /* Release */ = {
			isa = XCBuildConfiguration;
			buildSettings = {
				ALWAYS_SEARCH_USER_PATHS = NO;
				CLANG_ANALYZER_NONNULL = YES;
				CLANG_ANALYZER_NUMBER_OBJECT_CONVERSION = YES_AGGRESSIVE;
				CLANG_CXX_LANGUAGE_STANDARD = "gnu++14";
				CLANG_CXX_LIBRARY = "libc++";
				CLANG_ENABLE_MODULES = YES;
				CLANG_ENABLE_OBJC_ARC = YES;
				CLANG_WARN_BLOCK_CAPTURE_AUTORELEASING = YES;
				CLANG_WARN_BOOL_CONVERSION = YES;
				CLANG_WARN_COMMA = YES;
				CLANG_WARN_CONSTANT_CONVERSION = YES;
				CLANG_WARN_DIRECT_OBJC_ISA_USAGE = YES_ERROR;
				CLANG_WARN_DOCUMENTATION_COMMENTS = YES;
				CLANG_WARN_EMPTY_BODY = YES;
				CLANG_WARN_ENUM_CONVERSION = YES;
				CLANG_WARN_INFINITE_RECURSION = YES;
				CLANG_WARN_INT_CONVERSION = YES;
				CLANG_WARN_NON_LITERAL_NULL_CONVERSION = YES;
				CLANG_WARN_OBJC_LITERAL_CONVERSION = YES;
				CLANG_WARN_OBJC_ROOT_CLASS = YES_ERROR;
				CLANG_WARN_RANGE_LOOP_ANALYSIS = YES;
				CLANG_WARN_STRICT_PROTOTYPES = YES;
				CLANG_WARN_SUSPICIOUS_MOVE = YES;
				CLANG_WARN_UNGUARDED_AVAILABILITY = YES_AGGRESSIVE;
				CLANG_WARN_UNREACHABLE_CODE = YES;
				CLANG_WARN__DUPLICATE_METHOD_MATCH = YES;
				CODE_SIGN_IDENTITY = "iPhone Developer";
				COPY_PHASE_STRIP = NO;
				DEBUG_INFORMATION_FORMAT = "dwarf-with-dsym";
				ENABLE_NS_ASSERTIONS = NO;
				ENABLE_STRICT_OBJC_MSGSEND = YES;
				GCC_C_LANGUAGE_STANDARD = gnu11;
				GCC_NO_COMMON_BLOCKS = YES;
				GCC_WARN_64_TO_32_BIT_CONVERSION = YES;
				GCC_WARN_ABOUT_RETURN_TYPE = YES_ERROR;
				GCC_WARN_UNDECLARED_SELECTOR = YES;
				GCC_WARN_UNINITIALIZED_AUTOS = YES_AGGRESSIVE;
				GCC_WARN_UNUSED_FUNCTION = YES;
				GCC_WARN_UNUSED_VARIABLE = YES;
				IPHONEOS_DEPLOYMENT_TARGET = 11.0;
				MTL_ENABLE_DEBUG_INFO = NO;
				SDKROOT = iphoneos;
				SWIFT_OPTIMIZATION_LEVEL = "-Owholemodule";
				VALIDATE_PRODUCT = YES;
			};
			name = Release;
		};
		8494349B1FA13CE6009D1371 /* Debug */ = {
			isa = XCBuildConfiguration;
			buildSettings = {
				ASSETCATALOG_COMPILER_APPICON_NAME = AppIcon;
				CODE_SIGN_STYLE = Automatic;
				DEVELOPMENT_TEAM = N4EV3W64CV;
				INFOPLIST_FILE = TapTheButtonsInIpad/Info.plist;
				LD_RUNPATH_SEARCH_PATHS = "$(inherited) @executable_path/Frameworks";
				PRODUCT_BUNDLE_IDENTIFIER = SO.SO.TapTheButtonsInIpad;
				PRODUCT_NAME = "$(TARGET_NAME)";
				SWIFT_VERSION = 4.0;
				TARGETED_DEVICE_FAMILY = "1,2";
			};
			name = Debug;
		};
		8494349C1FA13CE6009D1371 /* Release */ = {
			isa = XCBuildConfiguration;
			buildSettings = {
				ASSETCATALOG_COMPILER_APPICON_NAME = AppIcon;
				CODE_SIGN_STYLE = Automatic;
				DEVELOPMENT_TEAM = N4EV3W64CV;
				INFOPLIST_FILE = TapTheButtonsInIpad/Info.plist;
				LD_RUNPATH_SEARCH_PATHS = "$(inherited) @executable_path/Frameworks";
				PRODUCT_BUNDLE_IDENTIFIER = SO.SO.TapTheButtonsInIpad;
				PRODUCT_NAME = "$(TARGET_NAME)";
				SWIFT_VERSION = 4.0;
				TARGETED_DEVICE_FAMILY = "1,2";
			};
			name = Release;
		};
/* End XCBuildConfiguration section */

/* Begin XCConfigurationList section */
		849434831FA13CE6009D1371 /* Build configuration list for PBXProject "TapTheButtonsInIpad" */ = {
			isa = XCConfigurationList;
			buildConfigurations = (
				849434981FA13CE6009D1371 /* Debug */,
				849434991FA13CE6009D1371 /* Release */,
			);
			defaultConfigurationIsVisible = 0;
			defaultConfigurationName = Release;
		};
		8494349A1FA13CE6009D1371 /* Build configuration list for PBXNativeTarget "TapTheButtonsInIpad" */ = {
			isa = XCConfigurationList;
			buildConfigurations = (
				8494349B1FA13CE6009D1371 /* Debug */,
				8494349C1FA13CE6009D1371 /* Release */,
			);
			defaultConfigurationIsVisible = 0;
			defaultConfigurationName = Release;
		};
/* End XCConfigurationList section */
	};
	rootObject = 849434801FA13CE6009D1371 /* Project object */;
}
